// !$*UTF8*$!
{
	archiveVersion = 1;
	classes = {
	};
	objectVersion = 46;
	objects = {

/* Begin PBXBuildFile section */
		6E2BF5021C6B6FE400C5B981 /* GLKit.framework in Frameworks */ = {isa = PBXBuildFile; fileRef = 6E2BF5011C6B6FE400C5B981 /* GLKit.framework */; };
		6E2BF5041C6B6FF600C5B981 /* Photos.framework in Frameworks */ = {isa = PBXBuildFile; fileRef = 6E2BF5031C6B6FF600C5B981 /* Photos.framework */; };
		6E2BF5061C6B7BC100C5B981 /* OpenGLES.framework in Frameworks */ = {isa = PBXBuildFile; fileRef = 6E2BF5051C6B7BC100C5B981 /* OpenGLES.framework */; };
		6E6E467D1C6556D700A14F02 /* main.m in Sources */ = {isa = PBXBuildFile; fileRef = 6E6E467C1C6556D700A14F02 /* main.m */; };
		6E6E46801C6556D700A14F02 /* AppDelegate.m in Sources */ = {isa = PBXBuildFile; fileRef = 6E6E467F1C6556D700A14F02 /* AppDelegate.m */; };
		6E6E46831C6556D700A14F02 /* ViewController.m in Sources */ = {isa = PBXBuildFile; fileRef = 6E6E46821C6556D700A14F02 /* ViewController.m */; };
		6E6E46861C6556D700A14F02 /* Main.storyboard in Resources */ = {isa = PBXBuildFile; fileRef = 6E6E46841C6556D700A14F02 /* Main.storyboard */; };
		6E6E46881C6556D700A14F02 /* Assets.xcassets in Resources */ = {isa = PBXBuildFile; fileRef = 6E6E46871C6556D700A14F02 /* Assets.xcassets */; };
		6E6E468B1C6556D700A14F02 /* LaunchScreen.storyboard in Resources */ = {isa = PBXBuildFile; fileRef = 6E6E46891C6556D700A14F02 /* LaunchScreen.storyboard */; };
/* End PBXBuildFile section */

/* Begin PBXFileReference section */
		6E2BF5011C6B6FE400C5B981 /* GLKit.framework */ = {isa = PBXFileReference; lastKnownFileType = wrapper.framework; name = GLKit.framework; path = System/Library/Frameworks/GLKit.framework; sourceTree = SDKROOT; };
		6E2BF5031C6B6FF600C5B981 /* Photos.framework */ = {isa = PBXFileReference; lastKnownFileType = wrapper.framework; name = Photos.framework; path = System/Library/Frameworks/Photos.framework; sourceTree = SDKROOT; };
		6E2BF5051C6B7BC100C5B981 /* OpenGLES.framework */ = {isa = PBXFileReference; lastKnownFileType = wrapper.framework; name = OpenGLES.framework; path = System/Library/Frameworks/OpenGLES.framework; sourceTree = SDKROOT; };
		6E6E46781C6556D700A14F02 /* GLKTextureLoaderBug.app */ = {isa = PBXFileReference; explicitFileType = wrapper.application; includeInIndex = 0; path = GLKTextureLoaderBug.app; sourceTree = BUILT_PRODUCTS_DIR; };
		6E6E467C1C6556D700A14F02 /* main.m */ = {isa = PBXFileReference; lastKnownFileType = sourcecode.c.objc; path = main.m; sourceTree = "<group>"; };
		6E6E467E1C6556D700A14F02 /* AppDelegate.h */ = {isa = PBXFileReference; lastKnownFileType = sourcecode.c.h; path = AppDelegate.h; sourceTree = "<group>"; };
		6E6E467F1C6556D700A14F02 /* AppDelegate.m */ = {isa = PBXFileReference; lastKnownFileType = sourcecode.c.objc; path = AppDelegate.m; sourceTree = "<group>"; };
		6E6E46811C6556D700A14F02 /* ViewController.h */ = {isa = PBXFileReference; lastKnownFileType = sourcecode.c.h; path = ViewController.h; sourceTree = "<group>"; };
		6E6E46821C6556D700A14F02 /* ViewController.m */ = {isa = PBXFileReference; lastKnownFileType = sourcecode.c.objc; path = ViewController.m; sourceTree = "<group>"; };
		6E6E46851C6556D700A14F02 /* Base */ = {isa = PBXFileReference; lastKnownFileType = file.storyboard; name = Base; path = Base.lproj/Main.storyboard; sourceTree = "<group>"; };
		6E6E46871C6556D700A14F02 /* Assets.xcassets */ = {isa = PBXFileReference; lastKnownFileType = folder.assetcatalog; path = Assets.xcassets; sourceTree = "<group>"; };
		6E6E468A1C6556D700A14F02 /* Base */ = {isa = PBXFileReference; lastKnownFileType = file.storyboard; name = Base; path = Base.lproj/LaunchScreen.storyboard; sourceTree = "<group>"; };
		6E6E468C1C6556D700A14F02 /* Info.plist */ = {isa = PBXFileReference; lastKnownFileType = text.plist.xml; path = Info.plist; sourceTree = "<group>"; };
/* End PBXFileReference section */

/* Begin PBXFrameworksBuildPhase section */
		6E6E46751C6556D700A14F02 /* Frameworks */ = {
			isa = PBXFrameworksBuildPhase;
			buildActionMask = 2147483647;
			files = (
				6E2BF5061C6B7BC100C5B981 /* OpenGLES.framework in Frameworks */,
				6E2BF5041C6B6FF600C5B981 /* Photos.framework in Frameworks */,
				6E2BF5021C6B6FE400C5B981 /* GLKit.framework in Frameworks */,
			);
			runOnlyForDeploymentPostprocessing = 0;
		};
/* End PBXFrameworksBuildPhase section */

/* Begin PBXGroup section */
		6E6E466F1C6556D700A14F02 = {
			isa = PBXGroup;
			children = (
				6E2BF5051C6B7BC100C5B981 /* OpenGLES.framework */,
				6E2BF5031C6B6FF600C5B981 /* Photos.framework */,
				6E2BF5011C6B6FE400C5B981 /* GLKit.framework */,
				6E6E467A1C6556D700A14F02 /* GLKTextureLoaderBug */,
				6E6E46791C6556D700A14F02 /* Products */,
			);
			sourceTree = "<group>";
		};
		6E6E46791C6556D700A14F02 /* Products */ = {
			isa = PBXGroup;
			children = (
				6E6E46781C6556D700A14F02 /* GLKTextureLoaderBug.app */,
			);
			name = Products;
			sourceTree = "<group>";
		};
		6E6E467A1C6556D700A14F02 /* GLKTextureLoaderBug */ = {
			isa = PBXGroup;
			children = (
				6E6E467E1C6556D700A14F02 /* AppDelegate.h */,
				6E6E467F1C6556D700A14F02 /* AppDelegate.m */,
				6E6E46811C6556D700A14F02 /* ViewController.h */,
				6E6E46821C6556D700A14F02 /* ViewController.m */,
				6E6E46841C6556D700A14F02 /* Main.storyboard */,
				6E6E46871C6556D700A14F02 /* Assets.xcassets */,
				6E6E46891C6556D700A14F02 /* LaunchScreen.storyboard */,
				6E6E468C1C6556D700A14F02 /* Info.plist */,
				6E6E467B1C6556D700A14F02 /* Supporting Files */,
			);
			name = GLKTextureLoaderBug;
			path = GLKRTextureLoaderBug;
			sourceTree = "<group>";
		};
		6E6E467B1C6556D700A14F02 /* Supporting Files */ = {
			isa = PBXGroup;
			children = (
				6E6E467C1C6556D700A14F02 /* main.m */,
			);
			name = "Supporting Files";
			sourceTree = "<group>";
		};
/* End PBXGroup section */

/* Begin PBXNativeTarget section */
		6E6E46771C6556D700A14F02 /* GLKTextureLoaderBug */ = {
			isa = PBXNativeTarget;
			buildConfigurationList = 6E6E468F1C6556D700A14F02 /* Build configuration list for PBXNativeTarget "GLKTextureLoaderBug" */;
			buildPhases = (
				6E6E46741C6556D700A14F02 /* Sources */,
				6E6E46751C6556D700A14F02 /* Frameworks */,
				6E6E46761C6556D700A14F02 /* Resources */,
			);
			buildRules = (
			);
			dependencies = (
			);
			name = GLKTextureLoaderBug;
			productName = GLKRTextureLoaderBug;
			productReference = 6E6E46781C6556D700A14F02 /* GLKTextureLoaderBug.app */;
			productType = "com.apple.product-type.application";
		};
/* End PBXNativeTarget section */

/* Begin PBXProject section */
		6E6E46701C6556D700A14F02 /* Project object */ = {
			isa = PBXProject;
			attributes = {
				LastUpgradeCheck = 0720;
				ORGANIZATIONNAME = "Serious Cyrus";
				TargetAttributes = {
					6E6E46771C6556D700A14F02 = {
						CreatedOnToolsVersion = 7.2.1;
					};
				};
			};
			buildConfigurationList = 6E6E46731C6556D700A14F02 /* Build configuration list for PBXProject "GLKTextureLoaderBug" */;
			compatibilityVersion = "Xcode 3.2";
			developmentRegion = English;
			hasScannedForEncodings = 0;
			knownRegions = (
				en,
				Base,
			);
			mainGroup = 6E6E466F1C6556D700A14F02;
			productRefGroup = 6E6E46791C6556D700A14F02 /* Products */;
			projectDirPath = "";
			projectRoot = "";
			targets = (
				6E6E46771C6556D700A14F02 /* GLKTextureLoaderBug */,
			);
		};
/* End PBXProject section */

/* Begin PBXResourcesBuildPhase section */
		6E6E46761C6556D700A14F02 /* Resources */ = {
			isa = PBXResourcesBuildPhase;
			buildActionMask = 2147483647;
			files = (
				6E6E468B1C6556D700A14F02 /* LaunchScreen.storyboard in Resources */,
				6E6E46881C6556D700A14F02 /* Assets.xcassets in Resources */,
				6E6E46861C6556D700A14F02 /* Main.storyboard in Resources */,
			);
			runOnlyForDeploymentPostprocessing = 0;
		};
/* End PBXResourcesBuildPhase section */

/* Begin PBXSourcesBuildPhase section */
		6E6E46741C6556D700A14F02 /* Sources */ = {
			isa = PBXSourcesBuildPhase;
			buildActionMask = 2147483647;
			files = (
				6E6E46831C6556D700A14F02 /* ViewController.m in Sources */,
				6E6E46801C6556D700A14F02 /* AppDelegate.m in Sources */,
				6E6E467D1C6556D700A14F02 /* main.m in Sources */,
			);
			runOnlyForDeploymentPostprocessing = 0;
		};
/* End PBXSourcesBuildPhase section */

/* Begin PBXVariantGroup section */
		6E6E46841C6556D700A14F02 /* Main.storyboard */ = {
			isa = PBXVariantGroup;
			children = (
				6E6E46851C6556D700A14F02 /* Base */,
			);
			name = Main.storyboard;
			sourceTree = "<group>";
		};
		6E6E46891C6556D700A14F02 /* LaunchScreen.storyboard */ = {
			isa = PBXVariantGroup;
			children = (
				6E6E468A1C6556D700A14F02 /* Base */,
			);
			name = LaunchScreen.storyboard;
			sourceTree = "<group>";
		};
/* End PBXVariantGroup section */

/* Begin XCBuildConfiguration section */
		6E6E468D1C6556D700A14F02 /* Debug */ = {
			isa = XCBuildConfiguration;
			buildSettings = {
				ALWAYS_SEARCH_USER_PATHS = NO;
				CLANG_CXX_LANGUAGE_STANDARD = "gnu++0x";
				CLANG_CXX_LIBRARY = "libc++";
				CLANG_ENABLE_MODULES = YES;
				CLANG_ENABLE_OBJC_ARC = YES;
				CLANG_WARN_BOOL_CONVERSION = YES;
				CLANG_WARN_CONSTANT_CONVERSION = YES;
				CLANG_WARN_DIRECT_OBJC_ISA_USAGE = YES_ERROR;
				CLANG_WARN_EMPTY_BODY = YES;
				CLANG_WARN_ENUM_CONVERSION = YES;
				CLANG_WARN_INT_CONVERSION = YES;
				CLANG_WARN_OBJC_ROOT_CLASS = YES_ERROR;
				CLANG_WARN_UNREACHABLE_CODE = YES;
				CLANG_WARN__DUPLICATE_METHOD_MATCH = YES;
				"CODE_SIGN_IDENTITY[sdk=iphoneos*]" = "iPhone Developer";
				COPY_PHASE_STRIP = NO;
				DEBUG_INFORMATION_FORMAT = dwarf;
				ENABLE_STRICT_OBJC_MSGSEND = YES;
				ENABLE_TESTABILITY = YES;
				GCC_C_LANGUAGE_STANDARD = gnu99;
				GCC_DYNAMIC_NO_PIC = NO;
				GCC_NO_COMMON_BLOCKS = YES;
				GCC_OPTIMIZATION_LEVEL = 0;
				GCC_PREPROCESSOR_DEFINITIONS = (
					"DEBUG=1",
					"$(inherited)",
				);
				GCC_WARN_64_TO_32_BIT_CONVERSION = YES;
				GCC_WARN_ABOUT_RETURN_TYPE = YES_ERROR;
				GCC_WARN_UNDECLARED_SELECTOR = YES;
				GCC_WARN_UNINITIALIZED_AUTOS = YES_AGGRESSIVE;
				GCC_WARN_UNUSED_FUNCTION = YES;
				GCC_WARN_UNUSED_VARIABLE = YES;
				IPHONEOS_DEPLOYMENT_TARGET = 9.2;
				MTL_ENABLE_DEBUG_INFO = YES;
				ONLY_ACTIVE_ARCH = YES;
				SDKROOT = iphoneos;
				TARGETED_DEVICE_FAMILY = "1,2";
			};
			name = Debug;
		};
		6E6E468E1C6556D700A14F02 /* Release */ = {
			isa = XCBuildConfiguration;
			buildSettings = {
				ALWAYS_SEARCH_USER_PATHS = NO;
				CLANG_CXX_LANGUAGE_STANDARD = "gnu++0x";
				CLANG_CXX_LIBRARY = "libc++";
				CLANG_ENABLE_MODULES = YES;
				CLANG_ENABLE_OBJC_ARC = YES;
				CLANG_WARN_BOOL_CONVERSION = YES;
				CLANG_WARN_CONSTANT_CONVERSION = YES;
				CLANG_WARN_DIRECT_OBJC_ISA_USAGE = YES_ERROR;
				CLANG_WARN_EMPTY_BODY = YES;
				CLANG_WARN_ENUM_CONVERSION = YES;
				CLANG_WARN_INT_CONVERSION = YES;
				CLANG_WARN_OBJC_ROOT_CLASS = YES_ERROR;
				CLANG_WARN_UNREACHABLE_CODE = YES;
				CLANG_WARN__DUPLICATE_METHOD_MATCH = YES;
				"CODE_SIGN_IDENTITY[sdk=iphoneos*]" = "iPhone Developer";
				COPY_PHASE_STRIP = NO;
				DEBUG_INFORMATION_FORMAT = "dwarf-with-dsym";
				ENABLE_NS_ASSERTIONS = NO;
				ENABLE_STRICT_OBJC_MSGSEND = YES;
				GCC_C_LANGUAGE_STANDARD = gnu99;
				GCC_NO_COMMON_BLOCKS = YES;
				GCC_WARN_64_TO_32_BIT_CONVERSION = YES;
				GCC_WARN_ABOUT_RETURN_TYPE = YES_ERROR;
				GCC_WARN_UNDECLARED_SELECTOR = YES;
				GCC_WARN_UNINITIALIZED_AUTOS = YES_AGGRESSIVE;
				GCC_WARN_UNUSED_FUNCTION = YES;
				GCC_WARN_UNUSED_VARIABLE = YES;
				IPHONEOS_DEPLOYMENT_TARGET = 9.2;
				MTL_ENABLE_DEBUG_INFO = NO;
				SDKROOT = iphoneos;
				TARGETED_DEVICE_FAMILY = "1,2";
				VALIDATE_PRODUCT = YES;
			};
			name = Release;
		};
		6E6E46901C6556D700A14F02 /* Debug */ = {
			isa = XCBuildConfiguration;
			buildSettings = {
				ASSETCATALOG_COMPILER_APPICON_NAME = AppIcon;
				INFOPLIST_FILE = GLKRTextureLoaderBug/Info.plist;
				LD_RUNPATH_SEARCH_PATHS = "$(inherited) @executable_path/Frameworks";
				PRODUCT_BUNDLE_IDENTIFIER = "Serious-Cyrus.GLKRTextureLoaderBug";
				PRODUCT_NAME = GLKTextureLoaderBug;
			};
			name = Debug;
		};
		6E6E46911C6556D700A14F02 /* Release */ = {
			isa = XCBuildConfiguration;
			buildSettings = {
				ASSETCATALOG_COMPILER_APPICON_NAME = AppIcon;
				INFOPLIST_FILE = GLKRTextureLoaderBug/Info.plist;
				LD_RUNPATH_SEARCH_PATHS = "$(inherited) @executable_path/Frameworks";
				PRODUCT_BUNDLE_IDENTIFIER = "Serious-Cyrus.GLKRTextureLoaderBug";
				PRODUCT_NAME = GLKTextureLoaderBug;
			};
			name = Release;
		};
/* End XCBuildConfiguration section */

/* Begin XCConfigurationList section */
		6E6E46731C6556D700A14F02 /* Build configuration list for PBXProject "GLKTextureLoaderBug" */ = {
			isa = XCConfigurationList;
			buildConfigurations = (
				6E6E468D1C6556D700A14F02 /* Debug */,
				6E6E468E1C6556D700A14F02 /* Release */,
			);
			defaultConfigurationIsVisible = 0;
			defaultConfigurationName = Release;
		};
		6E6E468F1C6556D700A14F02 /* Build configuration list for PBXNativeTarget "GLKTextureLoaderBug" */ = {
			isa = XCConfigurationList;
			buildConfigurations = (
				6E6E46901C6556D700A14F02 /* Debug */,
				6E6E46911C6556D700A14F02 /* Release */,
			);
			defaultConfigurationIsVisible = 0;
			defaultConfigurationName = Release;
		};
/* End XCConfigurationList section */
	};
	rootObject = 6E6E46701C6556D700A14F02 /* Project object */;
}
